
Microsoft Visual Studio Solution File, Format Version 12.00
# Visual Studio Version 17
VisualStudioVersion = 17.4.33403.182
MinimumVisualStudioVersion = 10.0.40219.1
Project("{FAE04EC0-301F-11D3-BF4B-00C04F79EFBC}") = "SlotMachineGame", "SlotMachineGame\SlotMachineGame.csproj", "{F72F8D65-5022-43C5-9B06-D2202B5CEC9A}"
EndProject
Global
	GlobalSection(SolutionConfigurationPlatforms) = preSolution
		Debug|Any CPU = Debug|Any CPU
		Release|Any CPU = Release|Any CPU
	EndGlobalSection
	GlobalSection(ProjectConfigurationPlatforms) = postSolution
		{F72F8D65-5022-43C5-9B06-D2202B5CEC9A}.Debug|Any CPU.ActiveCfg = Debug|Any CPU
		{F72F8D65-5022-43C5-9B06-D2202B5CEC9A}.Debug|Any CPU.Build.0 = Debug|Any CPU
		{F72F8D65-5022-43C5-9B06-D2202B5CEC9A}.Release|Any CPU.ActiveCfg = Release|Any CPU
		{F72F8D65-5022-43C5-9B06-D2202B5CEC9A}.Release|Any CPU.Build.0 = Release|Any CPU
	EndGlobalSection
	GlobalSection(SolutionProperties) = preSolution
		HideSolutionNode = FALSE
	EndGlobalSection
	GlobalSection(ExtensibilityGlobals) = postSolution
		SolutionGuid = {52540286-9AE4-42B4-8E6B-1CE6FF0E580A}
	EndGlobalSection
EndGlobal
